
Microsoft Visual Studio Solution File, Format Version 12.00
# Visual Studio Version 17
VisualStudioVersion = 17.7.34221.43
MinimumVisualStudioVersion = 10.0.40219.1
Project("{FAE04EC0-301F-11D3-BF4B-00C04F79EFBC}") = "Day03ListGridViewPeople", "Day03ListGridViewPeople\Day03ListGridViewPeople.csproj", "{07BCD1E9-81B3-4DB5-A259-A69822276BD9}"
EndProject
Global
	GlobalSection(SolutionConfigurationPlatforms) = preSolution
		Debug|Any CPU = Debug|Any CPU
		Release|Any CPU = Release|Any CPU
	EndGlobalSection
	GlobalSection(ProjectConfigurationPlatforms) = postSolution
		{07BCD1E9-81B3-4DB5-A259-A69822276BD9}.Debug|Any CPU.ActiveCfg = Debug|Any CPU
		{07BCD1E9-81B3-4DB5-A259-A69822276BD9}.Debug|Any CPU.Build.0 = Debug|Any CPU
		{07BCD1E9-81B3-4DB5-A259-A69822276BD9}.Release|Any CPU.ActiveCfg = Release|Any CPU
		{07BCD1E9-81B3-4DB5-A259-A69822276BD9}.Release|Any CPU.Build.0 = Release|Any CPU
	EndGlobalSection
	GlobalSection(SolutionProperties) = preSolution
		HideSolutionNode = FALSE
	EndGlobalSection
	GlobalSection(ExtensibilityGlobals) = postSolution
		SolutionGuid = {5F5EFA38-9C70-466D-AAA3-9EB35497B313}
	EndGlobalSection
EndGlobal
